
Microsoft Visual Studio Solution File, Format Version 12.00
# Visual Studio Version 16
VisualStudioVersion = 16.0.32106.194
MinimumVisualStudioVersion = 10.0.40219.1
Project("{FAE04EC0-301F-11D3-BF4B-00C04F79EFBC}") = "FunctionsRetunAndArraysFromFile", "FunctionsRetunAndArraysFromFile\FunctionsRetunAndArraysFromFile.csproj", "{4322AFEF-AFED-4E0B-B4CB-F993AE178912}"
EndProject
Project("{FAE04EC0-301F-11D3-BF4B-00C04F79EFBC}") = "FridayNightRandom", "FridayNightRandom\FridayNightRandom.csproj", "{6F3D0351-A770-425F-ACCD-4417CD12ADCB}"
EndProject
Project("{FAE04EC0-301F-11D3-BF4B-00C04F79EFBC}") = "FridayNightRandomRetun", "FridayNightRandomRetun\FridayNightRandomRetun.csproj", "{AC2813DA-EF80-47AE-B663-6D54EF18541D}"
EndProject
Project("{FAE04EC0-301F-11D3-BF4B-00C04F79EFBC}") = "PickRandomFromFile", "PickRandomFromFile\PickRandomFromFile.csproj", "{21F21A9E-2C7E-4907-9C31-C457D99E3517}"
EndProject
Project("{FAE04EC0-301F-11D3-BF4B-00C04F79EFBC}") = "ChuckNorris", "ChuckNorris\ChuckNorris.csproj", "{C63AE76C-E8FA-4554-A0EF-5D966B0830D0}"
EndProject
Global
	GlobalSection(SolutionConfigurationPlatforms) = preSolution
		Debug|Any CPU = Debug|Any CPU
		Release|Any CPU = Release|Any CPU
	EndGlobalSection
	GlobalSection(ProjectConfigurationPlatforms) = postSolution
		{4322AFEF-AFED-4E0B-B4CB-F993AE178912}.Debug|Any CPU.ActiveCfg = Debug|Any CPU
		{4322AFEF-AFED-4E0B-B4CB-F993AE178912}.Debug|Any CPU.Build.0 = Debug|Any CPU
		{4322AFEF-AFED-4E0B-B4CB-F993AE178912}.Release|Any CPU.ActiveCfg = Release|Any CPU
		{4322AFEF-AFED-4E0B-B4CB-F993AE178912}.Release|Any CPU.Build.0 = Release|Any CPU
		{6F3D0351-A770-425F-ACCD-4417CD12ADCB}.Debug|Any CPU.ActiveCfg = Debug|Any CPU
		{6F3D0351-A770-425F-ACCD-4417CD12ADCB}.Debug|Any CPU.Build.0 = Debug|Any CPU
		{6F3D0351-A770-425F-ACCD-4417CD12ADCB}.Release|Any CPU.ActiveCfg = Release|Any CPU
		{6F3D0351-A770-425F-ACCD-4417CD12ADCB}.Release|Any CPU.Build.0 = Release|Any CPU
		{AC2813DA-EF80-47AE-B663-6D54EF18541D}.Debug|Any CPU.ActiveCfg = Debug|Any CPU
		{AC2813DA-EF80-47AE-B663-6D54EF18541D}.Debug|Any CPU.Build.0 = Debug|Any CPU
		{AC2813DA-EF80-47AE-B663-6D54EF18541D}.Release|Any CPU.ActiveCfg = Release|Any CPU
		{AC2813DA-EF80-47AE-B663-6D54EF18541D}.Release|Any CPU.Build.0 = Release|Any CPU
		{21F21A9E-2C7E-4907-9C31-C457D99E3517}.Debug|Any CPU.ActiveCfg = Debug|Any CPU
		{21F21A9E-2C7E-4907-9C31-C457D99E3517}.Debug|Any CPU.Build.0 = Debug|Any CPU
		{21F21A9E-2C7E-4907-9C31-C457D99E3517}.Release|Any CPU.ActiveCfg = Release|Any CPU
		{21F21A9E-2C7E-4907-9C31-C457D99E3517}.Release|Any CPU.Build.0 = Release|Any CPU
		{C63AE76C-E8FA-4554-A0EF-5D966B0830D0}.Debug|Any CPU.ActiveCfg = Debug|Any CPU
		{C63AE76C-E8FA-4554-A0EF-5D966B0830D0}.Debug|Any CPU.Build.0 = Debug|Any CPU
		{C63AE76C-E8FA-4554-A0EF-5D966B0830D0}.Release|Any CPU.ActiveCfg = Release|Any CPU
		{C63AE76C-E8FA-4554-A0EF-5D966B0830D0}.Release|Any CPU.Build.0 = Release|Any CPU
	EndGlobalSection
	GlobalSection(SolutionProperties) = preSolution
		HideSolutionNode = FALSE
	EndGlobalSection
	GlobalSection(ExtensibilityGlobals) = postSolution
		SolutionGuid = {68C828D0-1789-4CEF-8D0B-2ADBB6C8A1F0}
	EndGlobalSection
EndGlobal
